// !$*UTF8*$!
{
	archiveVersion = 1;
	classes = {
	};
	objectVersion = 48;
	objects = {

/* Begin PBXBuildFile section */
		180E7EF01FCFD66800196979 /* Animal.m in Sources */ = {isa = PBXBuildFile; fileRef = 180E7EEF1FCFD66800196979 /* Animal.m */; };
		1831D1EB1FCFB61500EB35E1 /* AppDelegate.m in Sources */ = {isa = PBXBuildFile; fileRef = 1831D1EA1FCFB61500EB35E1 /* AppDelegate.m */; };
		1831D1EE1FCFB61500EB35E1 /* ViewController.m in Sources */ = {isa = PBXBuildFile; fileRef = 1831D1ED1FCFB61500EB35E1 /* ViewController.m */; };
		1831D1F11FCFB61500EB35E1 /* Main.storyboard in Resources */ = {isa = PBXBuildFile; fileRef = 1831D1EF1FCFB61500EB35E1 /* Main.storyboard */; };
		1831D1F31FCFB61500EB35E1 /* Assets.xcassets in Resources */ = {isa = PBXBuildFile; fileRef = 1831D1F21FCFB61500EB35E1 /* Assets.xcassets */; };
		1831D1F61FCFB61500EB35E1 /* LaunchScreen.storyboard in Resources */ = {isa = PBXBuildFile; fileRef = 1831D1F41FCFB61500EB35E1 /* LaunchScreen.storyboard */; };
		1831D1F91FCFB61500EB35E1 /* main.m in Sources */ = {isa = PBXBuildFile; fileRef = 1831D1F81FCFB61500EB35E1 /* main.m */; };
		1831D2031FCFB61500EB35E1 /* WMYVIewTests.m in Sources */ = {isa = PBXBuildFile; fileRef = 1831D2021FCFB61500EB35E1 /* WMYVIewTests.m */; };
		1831D20E1FCFB61500EB35E1 /* WMYVIewUITests.m in Sources */ = {isa = PBXBuildFile; fileRef = 1831D20D1FCFB61500EB35E1 /* WMYVIewUITests.m */; };
/* End PBXBuildFile section */

/* Begin PBXContainerItemProxy section */
		1831D1FF1FCFB61500EB35E1 /* PBXContainerItemProxy */ = {
			isa = PBXContainerItemProxy;
			containerPortal = 1831D1DE1FCFB61500EB35E1 /* Project object */;
			proxyType = 1;
			remoteGlobalIDString = 1831D1E51FCFB61500EB35E1;
			remoteInfo = WMYVIew;
		};
		1831D20A1FCFB61500EB35E1 /* PBXContainerItemProxy */ = {
			isa = PBXContainerItemProxy;
			containerPortal = 1831D1DE1FCFB61500EB35E1 /* Project object */;
			proxyType = 1;
			remoteGlobalIDString = 1831D1E51FCFB61500EB35E1;
			remoteInfo = WMYVIew;
		};
/* End PBXContainerItemProxy section */

/* Begin PBXFileReference section */
		180E7EEE1FCFD66800196979 /* Animal.h */ = {isa = PBXFileReference; lastKnownFileType = sourcecode.c.h; path = Animal.h; sourceTree = "<group>"; };
		180E7EEF1FCFD66800196979 /* Animal.m */ = {isa = PBXFileReference; lastKnownFileType = sourcecode.c.objc; path = Animal.m; sourceTree = "<group>"; };
		1831D1E61FCFB61500EB35E1 /* WMYVIew.app */ = {isa = PBXFileReference; explicitFileType = wrapper.application; includeInIndex = 0; path = WMYVIew.app; sourceTree = BUILT_PRODUCTS_DIR; };
		1831D1E91FCFB61500EB35E1 /* AppDelegate.h */ = {isa = PBXFileReference; lastKnownFileType = sourcecode.c.h; path = AppDelegate.h; sourceTree = "<group>"; };
		1831D1EA1FCFB61500EB35E1 /* AppDelegate.m */ = {isa = PBXFileReference; lastKnownFileType = sourcecode.c.objc; path = AppDelegate.m; sourceTree = "<group>"; };
		1831D1EC1FCFB61500EB35E1 /* ViewController.h */ = {isa = PBXFileReference; lastKnownFileType = sourcecode.c.h; path = ViewController.h; sourceTree = "<group>"; };
		1831D1ED1FCFB61500EB35E1 /* ViewController.m */ = {isa = PBXFileReference; lastKnownFileType = sourcecode.c.objc; path = ViewController.m; sourceTree = "<group>"; };
		1831D1F01FCFB61500EB35E1 /* Base */ = {isa = PBXFileReference; lastKnownFileType = file.storyboard; name = Base; path = Base.lproj/Main.storyboard; sourceTree = "<group>"; };
		1831D1F21FCFB61500EB35E1 /* Assets.xcassets */ = {isa = PBXFileReference; lastKnownFileType = folder.assetcatalog; path = Assets.xcassets; sourceTree = "<group>"; };
		1831D1F51FCFB61500EB35E1 /* Base */ = {isa = PBXFileReference; lastKnownFileType = file.storyboard; name = Base; path = Base.lproj/LaunchScreen.storyboard; sourceTree = "<group>"; };
		1831D1F71FCFB61500EB35E1 /* Info.plist */ = {isa = PBXFileReference; lastKnownFileType = text.plist.xml; path = Info.plist; sourceTree = "<group>"; };
		1831D1F81FCFB61500EB35E1 /* main.m */ = {isa = PBXFileReference; lastKnownFileType = sourcecode.c.objc; path = main.m; sourceTree = "<group>"; };
		1831D1FE1FCFB61500EB35E1 /* WMYVIewTests.xctest */ = {isa = PBXFileReference; explicitFileType = wrapper.cfbundle; includeInIndex = 0; path = WMYVIewTests.xctest; sourceTree = BUILT_PRODUCTS_DIR; };
		1831D2021FCFB61500EB35E1 /* WMYVIewTests.m */ = {isa = PBXFileReference; lastKnownFileType = sourcecode.c.objc; path = WMYVIewTests.m; sourceTree = "<group>"; };
		1831D2041FCFB61500EB35E1 /* Info.plist */ = {isa = PBXFileReference; lastKnownFileType = text.plist.xml; path = Info.plist; sourceTree = "<group>"; };
		1831D2091FCFB61500EB35E1 /* WMYVIewUITests.xctest */ = {isa = PBXFileReference; explicitFileType = wrapper.cfbundle; includeInIndex = 0; path = WMYVIewUITests.xctest; sourceTree = BUILT_PRODUCTS_DIR; };
		1831D20D1FCFB61500EB35E1 /* WMYVIewUITests.m */ = {isa = PBXFileReference; lastKnownFileType = sourcecode.c.objc; path = WMYVIewUITests.m; sourceTree = "<group>"; };
		1831D20F1FCFB61500EB35E1 /* Info.plist */ = {isa = PBXFileReference; lastKnownFileType = text.plist.xml; path = Info.plist; sourceTree = "<group>"; };
/* End PBXFileReference section */

/* Begin PBXFrameworksBuildPhase section */
		1831D1E31FCFB61500EB35E1 /* Frameworks */ = {
			isa = PBXFrameworksBuildPhase;
			buildActionMask = 2147483647;
			files = (
			);
			runOnlyForDeploymentPostprocessing = 0;
		};
		1831D1FB1FCFB61500EB35E1 /* Frameworks */ = {
			isa = PBXFrameworksBuildPhase;
			buildActionMask = 2147483647;
			files = (
			);
			runOnlyForDeploymentPostprocessing = 0;
		};
		1831D2061FCFB61500EB35E1 /* Frameworks */ = {
			isa = PBXFrameworksBuildPhase;
			buildActionMask = 2147483647;
			files = (
			);
			runOnlyForDeploymentPostprocessing = 0;
		};
/* End PBXFrameworksBuildPhase section */

/* Begin PBXGroup section */
		1831D1DD1FCFB61500EB35E1 = {
			isa = PBXGroup;
			children = (
				180E7EEE1FCFD66800196979 /* Animal.h */,
				180E7EEF1FCFD66800196979 /* Animal.m */,
				1831D1E81FCFB61500EB35E1 /* WMYVIew */,
				1831D2011FCFB61500EB35E1 /* WMYVIewTests */,
				1831D20C1FCFB61500EB35E1 /* WMYVIewUITests */,
				1831D1E71FCFB61500EB35E1 /* Products */,
			);
			sourceTree = "<group>";
		};
		1831D1E71FCFB61500EB35E1 /* Products */ = {
			isa = PBXGroup;
			children = (
				1831D1E61FCFB61500EB35E1 /* WMYVIew.app */,
				1831D1FE1FCFB61500EB35E1 /* WMYVIewTests.xctest */,
				1831D2091FCFB61500EB35E1 /* WMYVIewUITests.xctest */,
			);
			name = Products;
			sourceTree = "<group>";
		};
		1831D1E81FCFB61500EB35E1 /* WMYVIew */ = {
			isa = PBXGroup;
			children = (
				1831D1E91FCFB61500EB35E1 /* AppDelegate.h */,
				1831D1EA1FCFB61500EB35E1 /* AppDelegate.m */,
				1831D1EC1FCFB61500EB35E1 /* ViewController.h */,
				1831D1ED1FCFB61500EB35E1 /* ViewController.m */,
				1831D1EF1FCFB61500EB35E1 /* Main.storyboard */,
				1831D1F21FCFB61500EB35E1 /* Assets.xcassets */,
				1831D1F41FCFB61500EB35E1 /* LaunchScreen.storyboard */,
				1831D1F71FCFB61500EB35E1 /* Info.plist */,
				1831D1F81FCFB61500EB35E1 /* main.m */,
			);
			path = WMYVIew;
			sourceTree = "<group>";
		};
		1831D2011FCFB61500EB35E1 /* WMYVIewTests */ = {
			isa = PBXGroup;
			children = (
				1831D2021FCFB61500EB35E1 /* WMYVIewTests.m */,
				1831D2041FCFB61500EB35E1 /* Info.plist */,
			);
			path = WMYVIewTests;
			sourceTree = "<group>";
		};
		1831D20C1FCFB61500EB35E1 /* WMYVIewUITests */ = {
			isa = PBXGroup;
			children = (
				1831D20D1FCFB61500EB35E1 /* WMYVIewUITests.m */,
				1831D20F1FCFB61500EB35E1 /* Info.plist */,
			);
			path = WMYVIewUITests;
			sourceTree = "<group>";
		};
/* End PBXGroup section */

/* Begin PBXNativeTarget section */
		1831D1E51FCFB61500EB35E1 /* WMYVIew */ = {
			isa = PBXNativeTarget;
			buildConfigurationList = 1831D2121FCFB61500EB35E1 /* Build configuration list for PBXNativeTarget "WMYVIew" */;
			buildPhases = (
				1831D1E21FCFB61500EB35E1 /* Sources */,
				1831D1E31FCFB61500EB35E1 /* Frameworks */,
				1831D1E41FCFB61500EB35E1 /* Resources */,
			);
			buildRules = (
			);
			dependencies = (
			);
			name = WMYVIew;
			productName = WMYVIew;
			productReference = 1831D1E61FCFB61500EB35E1 /* WMYVIew.app */;
			productType = "com.apple.product-type.application";
		};
		1831D1FD1FCFB61500EB35E1 /* WMYVIewTests */ = {
			isa = PBXNativeTarget;
			buildConfigurationList = 1831D2151FCFB61500EB35E1 /* Build configuration list for PBXNativeTarget "WMYVIewTests" */;
			buildPhases = (
				1831D1FA1FCFB61500EB35E1 /* Sources */,
				1831D1FB1FCFB61500EB35E1 /* Frameworks */,
				1831D1FC1FCFB61500EB35E1 /* Resources */,
			);
			buildRules = (
			);
			dependencies = (
				1831D2001FCFB61500EB35E1 /* PBXTargetDependency */,
			);
			name = WMYVIewTests;
			productName = WMYVIewTests;
			productReference = 1831D1FE1FCFB61500EB35E1 /* WMYVIewTests.xctest */;
			productType = "com.apple.product-type.bundle.unit-test";
		};
		1831D2081FCFB61500EB35E1 /* WMYVIewUITests */ = {
			isa = PBXNativeTarget;
			buildConfigurationList = 1831D2181FCFB61500EB35E1 /* Build configuration list for PBXNativeTarget "WMYVIewUITests" */;
			buildPhases = (
				1831D2051FCFB61500EB35E1 /* Sources */,
				1831D2061FCFB61500EB35E1 /* Frameworks */,
				1831D2071FCFB61500EB35E1 /* Resources */,
			);
			buildRules = (
			);
			dependencies = (
				1831D20B1FCFB61500EB35E1 /* PBXTargetDependency */,
			);
			name = WMYVIewUITests;
			productName = WMYVIewUITests;
			productReference = 1831D2091FCFB61500EB35E1 /* WMYVIewUITests.xctest */;
			productType = "com.apple.product-type.bundle.ui-testing";
		};
/* End PBXNativeTarget section */

/* Begin PBXProject section */
		1831D1DE1FCFB61500EB35E1 /* Project object */ = {
			isa = PBXProject;
			attributes = {
				LastUpgradeCheck = 0910;
				ORGANIZATIONNAME = apple;
				TargetAttributes = {
					1831D1E51FCFB61500EB35E1 = {
						CreatedOnToolsVersion = 9.1;
						ProvisioningStyle = Automatic;
					};
					1831D1FD1FCFB61500EB35E1 = {
						CreatedOnToolsVersion = 9.1;
						ProvisioningStyle = Automatic;
						TestTargetID = 1831D1E51FCFB61500EB35E1;
					};
					1831D2081FCFB61500EB35E1 = {
						CreatedOnToolsVersion = 9.1;
						ProvisioningStyle = Automatic;
						TestTargetID = 1831D1E51FCFB61500EB35E1;
					};
				};
			};
			buildConfigurationList = 1831D1E11FCFB61500EB35E1 /* Build configuration list for PBXProject "WMYVIew" */;
			compatibilityVersion = "Xcode 8.0";
			developmentRegion = en;
			hasScannedForEncodings = 0;
			knownRegions = (
				en,
				Base,
			);
			mainGroup = 1831D1DD1FCFB61500EB35E1;
			productRefGroup = 1831D1E71FCFB61500EB35E1 /* Products */;
			projectDirPath = "";
			projectRoot = "";
			targets = (
				1831D1E51FCFB61500EB35E1 /* WMYVIew */,
				1831D1FD1FCFB61500EB35E1 /* WMYVIewTests */,
				1831D2081FCFB61500EB35E1 /* WMYVIewUITests */,
			);
		};
/* End PBXProject section */

/* Begin PBXResourcesBuildPhase section */
		1831D1E41FCFB61500EB35E1 /* Resources */ = {
			isa = PBXResourcesBuildPhase;
			buildActionMask = 2147483647;
			files = (
				1831D1F61FCFB61500EB35E1 /* LaunchScreen.storyboard in Resources */,
				1831D1F31FCFB61500EB35E1 /* Assets.xcassets in Resources */,
				1831D1F11FCFB61500EB35E1 /* Main.storyboard in Resources */,
			);
			runOnlyForDeploymentPostprocessing = 0;
		};
		1831D1FC1FCFB61500EB35E1 /* Resources */ = {
			isa = PBXResourcesBuildPhase;
			buildActionMask = 2147483647;
			files = (
			);
			runOnlyForDeploymentPostprocessing = 0;
		};
		1831D2071FCFB61500EB35E1 /* Resources */ = {
			isa = PBXResourcesBuildPhase;
			buildActionMask = 2147483647;
			files = (
			);
			runOnlyForDeploymentPostprocessing = 0;
		};
/* End PBXResourcesBuildPhase section */

/* Begin PBXSourcesBuildPhase section */
		1831D1E21FCFB61500EB35E1 /* Sources */ = {
			isa = PBXSourcesBuildPhase;
			buildActionMask = 2147483647;
			files = (
				1831D1EE1FCFB61500EB35E1 /* ViewController.m in Sources */,
				180E7EF01FCFD66800196979 /* Animal.m in Sources */,
				1831D1F91FCFB61500EB35E1 /* main.m in Sources */,
				1831D1EB1FCFB61500EB35E1 /* AppDelegate.m in Sources */,
			);
			runOnlyForDeploymentPostprocessing = 0;
		};
		1831D1FA1FCFB61500EB35E1 /* Sources */ = {
			isa = PBXSourcesBuildPhase;
			buildActionMask = 2147483647;
			files = (
				1831D2031FCFB61500EB35E1 /* WMYVIewTests.m in Sources */,
			);
			runOnlyForDeploymentPostprocessing = 0;
		};
		1831D2051FCFB61500EB35E1 /* Sources */ = {
			isa = PBXSourcesBuildPhase;
			buildActionMask = 2147483647;
			files = (
				1831D20E1FCFB61500EB35E1 /* WMYVIewUITests.m in Sources */,
			);
			runOnlyForDeploymentPostprocessing = 0;
		};
/* End PBXSourcesBuildPhase section */

/* Begin PBXTargetDependency section */
		1831D2001FCFB61500EB35E1 /* PBXTargetDependency */ = {
			isa = PBXTargetDependency;
			target = 1831D1E51FCFB61500EB35E1 /* WMYVIew */;
			targetProxy = 1831D1FF1FCFB61500EB35E1 /* PBXContainerItemProxy */;
		};
		1831D20B1FCFB61500EB35E1 /* PBXTargetDependency */ = {
			isa = PBXTargetDependency;
			target = 1831D1E51FCFB61500EB35E1 /* WMYVIew */;
			targetProxy = 1831D20A1FCFB61500EB35E1 /* PBXContainerItemProxy */;
		};
/* End PBXTargetDependency section */

/* Begin PBXVariantGroup section */
		1831D1EF1FCFB61500EB35E1 /* Main.storyboard */ = {
			isa = PBXVariantGroup;
			children = (
				1831D1F01FCFB61500EB35E1 /* Base */,
			);
			name = Main.storyboard;
			sourceTree = "<group>";
		};
		1831D1F41FCFB61500EB35E1 /* LaunchScreen.storyboard */ = {
			isa = PBXVariantGroup;
			children = (
				1831D1F51FCFB61500EB35E1 /* Base */,
			);
			name = LaunchScreen.storyboard;
			sourceTree = "<group>";
		};
/* End PBXVariantGroup section */

/* Begin XCBuildConfiguration section */
		1831D2101FCFB61500EB35E1 /* Debug */ = {
			isa = XCBuildConfiguration;
			buildSettings = {
				ALWAYS_SEARCH_USER_PATHS = NO;
				CLANG_ANALYZER_NONNULL = YES;
				CLANG_ANALYZER_NUMBER_OBJECT_CONVERSION = YES_AGGRESSIVE;
				CLANG_CXX_LANGUAGE_STANDARD = "gnu++14";
				CLANG_CXX_LIBRARY = "libc++";
				CLANG_ENABLE_MODULES = YES;
				CLANG_ENABLE_OBJC_ARC = YES;
				CLANG_WARN_BLOCK_CAPTURE_AUTORELEASING = YES;
				CLANG_WARN_BOOL_CONVERSION = YES;
				CLANG_WARN_COMMA = YES;
				CLANG_WARN_CONSTANT_CONVERSION = YES;
				CLANG_WARN_DIRECT_OBJC_ISA_USAGE = YES_ERROR;
				CLANG_WARN_DOCUMENTATION_COMMENTS = YES;
				CLANG_WARN_EMPTY_BODY = YES;
				CLANG_WARN_ENUM_CONVERSION = YES;
				CLANG_WARN_INFINITE_RECURSION = YES;
				CLANG_WARN_INT_CONVERSION = YES;
				CLANG_WARN_NON_LITERAL_NULL_CONVERSION = YES;
				CLANG_WARN_OBJC_LITERAL_CONVERSION = YES;
				CLANG_WARN_OBJC_ROOT_CLASS = YES_ERROR;
				CLANG_WARN_RANGE_LOOP_ANALYSIS = YES;
				CLANG_WARN_STRICT_PROTOTYPES = YES;
				CLANG_WARN_SUSPICIOUS_MOVE = YES;
				CLANG_WARN_UNGUARDED_AVAILABILITY = YES_AGGRESSIVE;
				CLANG_WARN_UNREACHABLE_CODE = YES;
				CLANG_WARN__DUPLICATE_METHOD_MATCH = YES;
				CODE_SIGN_IDENTITY = "iPhone Developer";
				COPY_PHASE_STRIP = NO;
				DEBUG_INFORMATION_FORMAT = dwarf;
				ENABLE_STRICT_OBJC_MSGSEND = YES;
				ENABLE_TESTABILITY = YES;
				GCC_C_LANGUAGE_STANDARD = gnu11;
				GCC_DYNAMIC_NO_PIC = NO;
				GCC_NO_COMMON_BLOCKS = YES;
				GCC_OPTIMIZATION_LEVEL = 0;
				GCC_PREPROCESSOR_DEFINITIONS = (
					"DEBUG=1",
					"$(inherited)",
				);
				GCC_WARN_64_TO_32_BIT_CONVERSION = YES;
				GCC_WARN_ABOUT_RETURN_TYPE = YES_ERROR;
				GCC_WARN_UNDECLARED_SELECTOR = YES;
				GCC_WARN_UNINITIALIZED_AUTOS = YES_AGGRESSIVE;
				GCC_WARN_UNUSED_FUNCTION = YES;
				GCC_WARN_UNUSED_VARIABLE = YES;
				IPHONEOS_DEPLOYMENT_TARGET = 11.1;
				MTL_ENABLE_DEBUG_INFO = YES;
				ONLY_ACTIVE_ARCH = YES;
				SDKROOT = iphoneos;
			};
			name = Debug;
		};
		1831D2111FCFB61500EB35E1 /* Release */ = {
			isa = XCBuildConfiguration;
			buildSettings = {
				ALWAYS_SEARCH_USER_PATHS = NO;
				CLANG_ANALYZER_NONNULL = YES;
				CLANG_ANALYZER_NUMBER_OBJECT_CONVERSION = YES_AGGRESSIVE;
				CLANG_CXX_LANGUAGE_STANDARD = "gnu++14";
				CLANG_CXX_LIBRARY = "libc++";
				CLANG_ENABLE_MODULES = YES;
				CLANG_ENABLE_OBJC_ARC = YES;
				CLANG_WARN_BLOCK_CAPTURE_AUTORELEASING = YES;
				CLANG_WARN_BOOL_CONVERSION = YES;
				CLANG_WARN_COMMA = YES;
				CLANG_WARN_CONSTANT_CONVERSION = YES;
				CLANG_WARN_DIRECT_OBJC_ISA_USAGE = YES_ERROR;
				CLANG_WARN_DOCUMENTATION_COMMENTS = YES;
				CLANG_WARN_EMPTY_BODY = YES;
				CLANG_WARN_ENUM_CONVERSION = YES;
				CLANG_WARN_INFINITE_RECURSION = YES;
				CLANG_WARN_INT_CONVERSION = YES;
				CLANG_WARN_NON_LITERAL_NULL_CONVERSION = YES;
				CLANG_WARN_OBJC_LITERAL_CONVERSION = YES;
				CLANG_WARN_OBJC_ROOT_CLASS = YES_ERROR;
				CLANG_WARN_RANGE_LOOP_ANALYSIS = YES;
				CLANG_WARN_STRICT_PROTOTYPES = YES;
				CLANG_WARN_SUSPICIOUS_MOVE = YES;
				CLANG_WARN_UNGUARDED_AVAILABILITY = YES_AGGRESSIVE;
				CLANG_WARN_UNREACHABLE_CODE = YES;
				CLANG_WARN__DUPLICATE_METHOD_MATCH = YES;
				CODE_SIGN_IDENTITY = "iPhone Developer";
				COPY_PHASE_STRIP = NO;
				DEBUG_INFORMATION_FORMAT = "dwarf-with-dsym";
				ENABLE_NS_ASSERTIONS = NO;
				ENABLE_STRICT_OBJC_MSGSEND = YES;
				GCC_C_LANGUAGE_STANDARD = gnu11;
				GCC_NO_COMMON_BLOCKS = YES;
				GCC_WARN_64_TO_32_BIT_CONVERSION = YES;
				GCC_WARN_ABOUT_RETURN_TYPE = YES_ERROR;
				GCC_WARN_UNDECLARED_SELECTOR = YES;
				GCC_WARN_UNINITIALIZED_AUTOS = YES_AGGRESSIVE;
				GCC_WARN_UNUSED_FUNCTION = YES;
				GCC_WARN_UNUSED_VARIABLE = YES;
				IPHONEOS_DEPLOYMENT_TARGET = 11.1;
				MTL_ENABLE_DEBUG_INFO = NO;
				SDKROOT = iphoneos;
				VALIDATE_PRODUCT = YES;
			};
			name = Release;
		};
		1831D2131FCFB61500EB35E1 /* Debug */ = {
			isa = XCBuildConfiguration;
			buildSettings = {
				ASSETCATALOG_COMPILER_APPICON_NAME = AppIcon;
				CODE_SIGN_STYLE = Automatic;
				DEVELOPMENT_TEAM = YQ7J6V5BW4;
				INFOPLIST_FILE = WMYVIew/Info.plist;
				LD_RUNPATH_SEARCH_PATHS = "$(inherited) @executable_path/Frameworks";
				PRODUCT_BUNDLE_IDENTIFIER = com.hhh.WMYVIew;
				PRODUCT_NAME = "$(TARGET_NAME)";
				TARGETED_DEVICE_FAMILY = "1,2";
			};
			name = Debug;
		};
		1831D2141FCFB61500EB35E1 /* Release */ = {
			isa = XCBuildConfiguration;
			buildSettings = {
				ASSETCATALOG_COMPILER_APPICON_NAME = AppIcon;
				CODE_SIGN_STYLE = Automatic;
				DEVELOPMENT_TEAM = YQ7J6V5BW4;
				INFOPLIST_FILE = WMYVIew/Info.plist;
				LD_RUNPATH_SEARCH_PATHS = "$(inherited) @executable_path/Frameworks";
				PRODUCT_BUNDLE_IDENTIFIER = com.hhh.WMYVIew;
				PRODUCT_NAME = "$(TARGET_NAME)";
				TARGETED_DEVICE_FAMILY = "1,2";
			};
			name = Release;
		};
		1831D2161FCFB61500EB35E1 /* Debug */ = {
			isa = XCBuildConfiguration;
			buildSettings = {
				BUNDLE_LOADER = "$(TEST_HOST)";
				CODE_SIGN_STYLE = Automatic;
				DEVELOPMENT_TEAM = YQ7J6V5BW4;
				INFOPLIST_FILE = WMYVIewTests/Info.plist;
				LD_RUNPATH_SEARCH_PATHS = "$(inherited) @executable_path/Frameworks @loader_path/Frameworks";
				PRODUCT_BUNDLE_IDENTIFIER = com.hhh.WMYVIewTests;
				PRODUCT_NAME = "$(TARGET_NAME)";
				TARGETED_DEVICE_FAMILY = "1,2";
				TEST_HOST = "$(BUILT_PRODUCTS_DIR)/WMYVIew.app/WMYVIew";
			};
			name = Debug;
		};
		1831D2171FCFB61500EB35E1 /* Release */ = {
			isa = XCBuildConfiguration;
			buildSettings = {
				BUNDLE_LOADER = "$(TEST_HOST)";
				CODE_SIGN_STYLE = Automatic;
				DEVELOPMENT_TEAM = YQ7J6V5BW4;
				INFOPLIST_FILE = WMYVIewTests/Info.plist;
				LD_RUNPATH_SEARCH_PATHS = "$(inherited) @executable_path/Frameworks @loader_path/Frameworks";
				PRODUCT_BUNDLE_IDENTIFIER = com.hhh.WMYVIewTests;
				PRODUCT_NAME = "$(TARGET_NAME)";
				TARGETED_DEVICE_FAMILY = "1,2";
				TEST_HOST = "$(BUILT_PRODUCTS_DIR)/WMYVIew.app/WMYVIew";
			};
			name = Release;
		};
		1831D2191FCFB61500EB35E1 /* Debug */ = {
			isa = XCBuildConfiguration;
			buildSettings = {
				CODE_SIGN_STYLE = Automatic;
				DEVELOPMENT_TEAM = YQ7J6V5BW4;
				INFOPLIST_FILE = WMYVIewUITests/Info.plist;
				LD_RUNPATH_SEARCH_PATHS = "$(inherited) @executable_path/Frameworks @loader_path/Frameworks";
				PRODUCT_BUNDLE_IDENTIFIER = com.hhh.WMYVIewUITests;
				PRODUCT_NAME = "$(TARGET_NAME)";
				TARGETED_DEVICE_FAMILY = "1,2";
				TEST_TARGET_NAME = WMYVIew;
			};
			name = Debug;
		};
		1831D21A1FCFB61500EB35E1 /* Release */ = {
			isa = XCBuildConfiguration;
			buildSettings = {
				CODE_SIGN_STYLE = Automatic;
				DEVELOPMENT_TEAM = YQ7J6V5BW4;
				INFOPLIST_FILE = WMYVIewUITests/Info.plist;
				LD_RUNPATH_SEARCH_PATHS = "$(inherited) @executable_path/Frameworks @loader_path/Frameworks";
				PRODUCT_BUNDLE_IDENTIFIER = com.hhh.WMYVIewUITests;
				PRODUCT_NAME = "$(TARGET_NAME)";
				TARGETED_DEVICE_FAMILY = "1,2";
				TEST_TARGET_NAME = WMYVIew;
			};
			name = Release;
		};
/* End XCBuildConfiguration section */

/* Begin XCConfigurationList section */
		1831D1E11FCFB61500EB35E1 /* Build configuration list for PBXProject "WMYVIew" */ = {
			isa = XCConfigurationList;
			buildConfigurations = (
				1831D2101FCFB61500EB35E1 /* Debug */,
				1831D2111FCFB61500EB35E1 /* Release */,
			);
			defaultConfigurationIsVisible = 0;
			defaultConfigurationName = Release;
		};
		1831D2121FCFB61500EB35E1 /* Build configuration list for PBXNativeTarget "WMYVIew" */ = {
			isa = XCConfigurationList;
			buildConfigurations = (
				1831D2131FCFB61500EB35E1 /* Debug */,
				1831D2141FCFB61500EB35E1 /* Release */,
			);
			defaultConfigurationIsVisible = 0;
			defaultConfigurationName = Release;
		};
		1831D2151FCFB61500EB35E1 /* Build configuration list for PBXNativeTarget "WMYVIewTests" */ = {
			isa = XCConfigurationList;
			buildConfigurations = (
				1831D2161FCFB61500EB35E1 /* Debug */,
				1831D2171FCFB61500EB35E1 /* Release */,
			);
			defaultConfigurationIsVisible = 0;
			defaultConfigurationName = Release;
		};
		1831D2181FCFB61500EB35E1 /* Build configuration list for PBXNativeTarget "WMYVIewUITests" */ = {
			isa = XCConfigurationList;
			buildConfigurations = (
				1831D2191FCFB61500EB35E1 /* Debug */,
				1831D21A1FCFB61500EB35E1 /* Release */,
			);
			defaultConfigurationIsVisible = 0;
			defaultConfigurationName = Release;
		};
/* End XCConfigurationList section */
	};
	rootObject = 1831D1DE1FCFB61500EB35E1 /* Project object */;
}
